// !$*UTF8*$!
{
	archiveVersion = 1;
	classes = {
	};
	objectVersion = 56;
	objects = {

/* Begin PBXBuildFile section */
		B00B69A32BC7AF3A00BB40B8 /* Utils.swift in Sources */ = {isa = PBXBuildFile; fileRef = B00B69A22BC7AF3A00BB40B8 /* Utils.swift */; };
		B01A372B2BAD7D9A003DF4BC /* TestView.swift in Sources */ = {isa = PBXBuildFile; fileRef = B01A372A2BAD7D9A003DF4BC /* TestView.swift */; };
		B03D10482BA4F3A600BB1715 /* FootShareApp.swift in Sources */ = {isa = PBXBuildFile; fileRef = B03D10472BA4F3A600BB1715 /* FootShareApp.swift */; };
		B03D104A2BA4F3A600BB1715 /* GameListView.swift in Sources */ = {isa = PBXBuildFile; fileRef = B03D10492BA4F3A600BB1715 /* GameListView.swift */; };
		B03D104C2BA4F3A700BB1715 /* Assets.xcassets in Resources */ = {isa = PBXBuildFile; fileRef = B03D104B2BA4F3A700BB1715 /* Assets.xcassets */; };
		B03D104F2BA4F3A700BB1715 /* Preview Assets.xcassets in Resources */ = {isa = PBXBuildFile; fileRef = B03D104E2BA4F3A700BB1715 /* Preview Assets.xcassets */; };
		B03D10582BA4F52200BB1715 /* GameView.swift in Sources */ = {isa = PBXBuildFile; fileRef = B03D10572BA4F52200BB1715 /* GameView.swift */; };
		B03D105A2BA4F52C00BB1715 /* Game.swift in Sources */ = {isa = PBXBuildFile; fileRef = B03D10592BA4F52C00BB1715 /* Game.swift */; };
		B03D105C2BA4F59400BB1715 /* Team.swift in Sources */ = {isa = PBXBuildFile; fileRef = B03D105B2BA4F59400BB1715 /* Team.swift */; };
		B03D10622BA50E5700BB1715 /* Participation.swift in Sources */ = {isa = PBXBuildFile; fileRef = B03D10612BA50E5700BB1715 /* Participation.swift */; };
		B0552ECA2BB476500096D311 /* SelectTeamView.swift in Sources */ = {isa = PBXBuildFile; fileRef = B0552EC92BB476500096D311 /* SelectTeamView.swift */; };
		B0552ECC2BB479580096D311 /* Color.swift in Sources */ = {isa = PBXBuildFile; fileRef = B0552ECB2BB479580096D311 /* Color.swift */; };
		B0552ECE2BB4AC8F0096D311 /* AddTeamView.swift in Sources */ = {isa = PBXBuildFile; fileRef = B0552ECD2BB4AC8F0096D311 /* AddTeamView.swift */; };
		B07253E12BA8AE4900429710 /* Point.swift in Sources */ = {isa = PBXBuildFile; fileRef = B07253E02BA8AE4900429710 /* Point.swift */; };
		B0A54F2C2BD8D296006B5BCD /* Session.swift in Sources */ = {isa = PBXBuildFile; fileRef = B0A54F2B2BD8D296006B5BCD /* Session.swift */; };
		B0BE556B2BCE3C5600AAC420 /* Clock.swift in Sources */ = {isa = PBXBuildFile; fileRef = B0BE556A2BCE3C5600AAC420 /* Clock.swift */; };
		B0D876AD2BD2CE9400B46561 /* GameListEntryView.swift in Sources */ = {isa = PBXBuildFile; fileRef = B0D876AC2BD2CE9400B46561 /* GameListEntryView.swift */; };
		B0EC20202BCDB7F600237481 /* ClockView.swift in Sources */ = {isa = PBXBuildFile; fileRef = B0EC201F2BCDB7F600237481 /* ClockView.swift */; };
/* End PBXBuildFile section */

/* Begin PBXFileReference section */
		B00B69A22BC7AF3A00BB40B8 /* Utils.swift */ = {isa = PBXFileReference; lastKnownFileType = sourcecode.swift; path = Utils.swift; sourceTree = "<group>"; };
		B01A372A2BAD7D9A003DF4BC /* TestView.swift */ = {isa = PBXFileReference; lastKnownFileType = sourcecode.swift; path = TestView.swift; sourceTree = "<group>"; };
		B03D10442BA4F3A600BB1715 /* FootShare.app */ = {isa = PBXFileReference; explicitFileType = wrapper.application; includeInIndex = 0; path = FootShare.app; sourceTree = BUILT_PRODUCTS_DIR; };
		B03D10472BA4F3A600BB1715 /* FootShareApp.swift */ = {isa = PBXFileReference; lastKnownFileType = sourcecode.swift; path = FootShareApp.swift; sourceTree = "<group>"; };
		B03D10492BA4F3A600BB1715 /* GameListView.swift */ = {isa = PBXFileReference; lastKnownFileType = sourcecode.swift; path = GameListView.swift; sourceTree = "<group>"; };
		B03D104B2BA4F3A700BB1715 /* Assets.xcassets */ = {isa = PBXFileReference; lastKnownFileType = folder.assetcatalog; path = Assets.xcassets; sourceTree = "<group>"; };
		B03D104E2BA4F3A700BB1715 /* Preview Assets.xcassets */ = {isa = PBXFileReference; lastKnownFileType = folder.assetcatalog; path = "Preview Assets.xcassets"; sourceTree = "<group>"; };
		B03D10572BA4F52200BB1715 /* GameView.swift */ = {isa = PBXFileReference; lastKnownFileType = sourcecode.swift; path = GameView.swift; sourceTree = "<group>"; };
		B03D10592BA4F52C00BB1715 /* Game.swift */ = {isa = PBXFileReference; lastKnownFileType = sourcecode.swift; path = Game.swift; sourceTree = "<group>"; };
		B03D105B2BA4F59400BB1715 /* Team.swift */ = {isa = PBXFileReference; lastKnownFileType = sourcecode.swift; path = Team.swift; sourceTree = "<group>"; };
		B03D10612BA50E5700BB1715 /* Participation.swift */ = {isa = PBXFileReference; lastKnownFileType = sourcecode.swift; path = Participation.swift; sourceTree = "<group>"; };
		B0552EC92BB476500096D311 /* SelectTeamView.swift */ = {isa = PBXFileReference; lastKnownFileType = sourcecode.swift; path = SelectTeamView.swift; sourceTree = "<group>"; };
		B0552ECB2BB479580096D311 /* Color.swift */ = {isa = PBXFileReference; lastKnownFileType = sourcecode.swift; path = Color.swift; sourceTree = "<group>"; };
		B0552ECD2BB4AC8F0096D311 /* AddTeamView.swift */ = {isa = PBXFileReference; lastKnownFileType = sourcecode.swift; path = AddTeamView.swift; sourceTree = "<group>"; };
		B07253E02BA8AE4900429710 /* Point.swift */ = {isa = PBXFileReference; lastKnownFileType = sourcecode.swift; path = Point.swift; sourceTree = "<group>"; };
		B0A54F2B2BD8D296006B5BCD /* Session.swift */ = {isa = PBXFileReference; lastKnownFileType = sourcecode.swift; path = Session.swift; sourceTree = "<group>"; };
		B0BE556A2BCE3C5600AAC420 /* Clock.swift */ = {isa = PBXFileReference; lastKnownFileType = sourcecode.swift; path = Clock.swift; sourceTree = "<group>"; };
		B0D876AC2BD2CE9400B46561 /* GameListEntryView.swift */ = {isa = PBXFileReference; lastKnownFileType = sourcecode.swift; path = GameListEntryView.swift; sourceTree = "<group>"; };
		B0EC201F2BCDB7F600237481 /* ClockView.swift */ = {isa = PBXFileReference; lastKnownFileType = sourcecode.swift; path = ClockView.swift; sourceTree = "<group>"; };
/* End PBXFileReference section */

/* Begin PBXFrameworksBuildPhase section */
		B03D10412BA4F3A600BB1715 /* Frameworks */ = {
			isa = PBXFrameworksBuildPhase;
			buildActionMask = 2147483647;
			files = (
			);
			runOnlyForDeploymentPostprocessing = 0;
		};
/* End PBXFrameworksBuildPhase section */

/* Begin PBXGroup section */
		B02C6FAD2BC47BC8007B7E22 /* Models */ = {
			isa = PBXGroup;
			children = (
				B03D10592BA4F52C00BB1715 /* Game.swift */,
				B03D10612BA50E5700BB1715 /* Participation.swift */,
				B03D105B2BA4F59400BB1715 /* Team.swift */,
				B07253E02BA8AE4900429710 /* Point.swift */,
				B0BE556A2BCE3C5600AAC420 /* Clock.swift */,
				B0A54F2B2BD8D296006B5BCD /* Session.swift */,
			);
			path = Models;
			sourceTree = "<group>";
		};
		B03D103B2BA4F3A600BB1715 = {
			isa = PBXGroup;
			children = (
				B03D10462BA4F3A600BB1715 /* FootShare */,
				B03D10452BA4F3A600BB1715 /* Products */,
			);
			sourceTree = "<group>";
		};
		B03D10452BA4F3A600BB1715 /* Products */ = {
			isa = PBXGroup;
			children = (
				B03D10442BA4F3A600BB1715 /* FootShare.app */,
			);
			name = Products;
			sourceTree = "<group>";
		};
		B03D10462BA4F3A600BB1715 /* FootShare */ = {
			isa = PBXGroup;
			children = (
				B03D10472BA4F3A600BB1715 /* FootShareApp.swift */,
				B03D10492BA4F3A600BB1715 /* GameListView.swift */,
				B03D10572BA4F52200BB1715 /* GameView.swift */,
				B0EC201F2BCDB7F600237481 /* ClockView.swift */,
				B0552EC92BB476500096D311 /* SelectTeamView.swift */,
				B0552ECD2BB4AC8F0096D311 /* AddTeamView.swift */,
				B02C6FAD2BC47BC8007B7E22 /* Models */,
				B03D104B2BA4F3A700BB1715 /* Assets.xcassets */,
				B03D104D2BA4F3A700BB1715 /* Preview Content */,
				B01A372A2BAD7D9A003DF4BC /* TestView.swift */,
				B0552ECB2BB479580096D311 /* Color.swift */,
				B00B69A22BC7AF3A00BB40B8 /* Utils.swift */,
				B0D876AC2BD2CE9400B46561 /* GameListEntryView.swift */,
			);
			path = FootShare;
			sourceTree = "<group>";
		};
		B03D104D2BA4F3A700BB1715 /* Preview Content */ = {
			isa = PBXGroup;
			children = (
				B03D104E2BA4F3A700BB1715 /* Preview Assets.xcassets */,
			);
			path = "Preview Content";
			sourceTree = "<group>";
		};
/* End PBXGroup section */

/* Begin PBXNativeTarget section */
		B03D10432BA4F3A600BB1715 /* FootShare */ = {
			isa = PBXNativeTarget;
			buildConfigurationList = B03D10522BA4F3A700BB1715 /* Build configuration list for PBXNativeTarget "FootShare" */;
			buildPhases = (
				B03D10402BA4F3A600BB1715 /* Sources */,
				B03D10412BA4F3A600BB1715 /* Frameworks */,
				B03D10422BA4F3A600BB1715 /* Resources */,
			);
			buildRules = (
			);
			dependencies = (
			);
			name = FootShare;
			productName = FootShare;
			productReference = B03D10442BA4F3A600BB1715 /* FootShare.app */;
			productType = "com.apple.product-type.application";
		};
/* End PBXNativeTarget section */

/* Begin PBXProject section */
		B03D103C2BA4F3A600BB1715 /* Project object */ = {
			isa = PBXProject;
			attributes = {
				BuildIndependentTargetsInParallel = 1;
				LastSwiftUpdateCheck = 1520;
				LastUpgradeCheck = 1520;
				TargetAttributes = {
					B03D10432BA4F3A600BB1715 = {
						CreatedOnToolsVersion = 15.2;
					};
				};
			};
			buildConfigurationList = B03D103F2BA4F3A600BB1715 /* Build configuration list for PBXProject "FootShare" */;
			compatibilityVersion = "Xcode 14.0";
			developmentRegion = en;
			hasScannedForEncodings = 0;
			knownRegions = (
				en,
				Base,
			);
			mainGroup = B03D103B2BA4F3A600BB1715;
			productRefGroup = B03D10452BA4F3A600BB1715 /* Products */;
			projectDirPath = "";
			projectRoot = "";
			targets = (
				B03D10432BA4F3A600BB1715 /* FootShare */,
			);
		};
/* End PBXProject section */

/* Begin PBXResourcesBuildPhase section */
		B03D10422BA4F3A600BB1715 /* Resources */ = {
			isa = PBXResourcesBuildPhase;
			buildActionMask = 2147483647;
			files = (
				B03D104F2BA4F3A700BB1715 /* Preview Assets.xcassets in Resources */,
				B03D104C2BA4F3A700BB1715 /* Assets.xcassets in Resources */,
			);
			runOnlyForDeploymentPostprocessing = 0;
		};
/* End PBXResourcesBuildPhase section */

/* Begin PBXSourcesBuildPhase section */
		B03D10402BA4F3A600BB1715 /* Sources */ = {
			isa = PBXSourcesBuildPhase;
			buildActionMask = 2147483647;
			files = (
				B03D104A2BA4F3A600BB1715 /* GameListView.swift in Sources */,
				B0A54F2C2BD8D296006B5BCD /* Session.swift in Sources */,
				B03D10582BA4F52200BB1715 /* GameView.swift in Sources */,
				B0552ECC2BB479580096D311 /* Color.swift in Sources */,
				B03D10482BA4F3A600BB1715 /* FootShareApp.swift in Sources */,
				B0552ECA2BB476500096D311 /* SelectTeamView.swift in Sources */,
				B0D876AD2BD2CE9400B46561 /* GameListEntryView.swift in Sources */,
				B00B69A32BC7AF3A00BB40B8 /* Utils.swift in Sources */,
				B07253E12BA8AE4900429710 /* Point.swift in Sources */,
				B0552ECE2BB4AC8F0096D311 /* AddTeamView.swift in Sources */,
				B0BE556B2BCE3C5600AAC420 /* Clock.swift in Sources */,
				B01A372B2BAD7D9A003DF4BC /* TestView.swift in Sources */,
				B03D10622BA50E5700BB1715 /* Participation.swift in Sources */,
				B0EC20202BCDB7F600237481 /* ClockView.swift in Sources */,
				B03D105C2BA4F59400BB1715 /* Team.swift in Sources */,
				B03D105A2BA4F52C00BB1715 /* Game.swift in Sources */,
			);
			runOnlyForDeploymentPostprocessing = 0;
		};
/* End PBXSourcesBuildPhase section */

/* Begin XCBuildConfiguration section */
		B03D10502BA4F3A700BB1715 /* Debug */ = {
			isa = XCBuildConfiguration;
			buildSettings = {
				ALWAYS_SEARCH_USER_PATHS = NO;
				ASSETCATALOG_COMPILER_GENERATE_SWIFT_ASSET_SYMBOL_EXTENSIONS = YES;
				CLANG_ANALYZER_NONNULL = YES;
				CLANG_ANALYZER_NUMBER_OBJECT_CONVERSION = YES_AGGRESSIVE;
				CLANG_CXX_LANGUAGE_STANDARD = "gnu++20";
				CLANG_ENABLE_MODULES = YES;
				CLANG_ENABLE_OBJC_ARC = YES;
				CLANG_ENABLE_OBJC_WEAK = YES;
				CLANG_WARN_BLOCK_CAPTURE_AUTORELEASING = YES;
				CLANG_WARN_BOOL_CONVERSION = YES;
				CLANG_WARN_COMMA = YES;
				CLANG_WARN_CONSTANT_CONVERSION = YES;
				CLANG_WARN_DEPRECATED_OBJC_IMPLEMENTATIONS = YES;
				CLANG_WARN_DIRECT_OBJC_ISA_USAGE = YES_ERROR;
				CLANG_WARN_DOCUMENTATION_COMMENTS = YES;
				CLANG_WARN_EMPTY_BODY = YES;
				CLANG_WARN_ENUM_CONVERSION = YES;
				CLANG_WARN_INFINITE_RECURSION = YES;
				CLANG_WARN_INT_CONVERSION = YES;
				CLANG_WARN_NON_LITERAL_NULL_CONVERSION = YES;
				CLANG_WARN_OBJC_IMPLICIT_RETAIN_SELF = YES;
				CLANG_WARN_OBJC_LITERAL_CONVERSION = YES;
				CLANG_WARN_OBJC_ROOT_CLASS = YES_ERROR;
				CLANG_WARN_QUOTED_INCLUDE_IN_FRAMEWORK_HEADER = YES;
				CLANG_WARN_RANGE_LOOP_ANALYSIS = YES;
				CLANG_WARN_STRICT_PROTOTYPES = YES;
				CLANG_WARN_SUSPICIOUS_MOVE = YES;
				CLANG_WARN_UNGUARDED_AVAILABILITY = YES_AGGRESSIVE;
				CLANG_WARN_UNREACHABLE_CODE = YES;
				CLANG_WARN__DUPLICATE_METHOD_MATCH = YES;
				COPY_PHASE_STRIP = NO;
				DEBUG_INFORMATION_FORMAT = dwarf;
				ENABLE_STRICT_OBJC_MSGSEND = YES;
				ENABLE_TESTABILITY = YES;
				ENABLE_USER_SCRIPT_SANDBOXING = YES;
				GCC_C_LANGUAGE_STANDARD = gnu17;
				GCC_DYNAMIC_NO_PIC = NO;
				GCC_NO_COMMON_BLOCKS = YES;
				GCC_OPTIMIZATION_LEVEL = 0;
				GCC_PREPROCESSOR_DEFINITIONS = (
					"DEBUG=1",
					"$(inherited)",
				);
				GCC_WARN_64_TO_32_BIT_CONVERSION = YES;
				GCC_WARN_ABOUT_RETURN_TYPE = YES_ERROR;
				GCC_WARN_UNDECLARED_SELECTOR = YES;
				GCC_WARN_UNINITIALIZED_AUTOS = YES_AGGRESSIVE;
				GCC_WARN_UNUSED_FUNCTION = YES;
				GCC_WARN_UNUSED_VARIABLE = YES;
				IPHONEOS_DEPLOYMENT_TARGET = 17.2;
				LOCALIZATION_PREFERS_STRING_CATALOGS = YES;
				MTL_ENABLE_DEBUG_INFO = INCLUDE_SOURCE;
				MTL_FAST_MATH = YES;
				ONLY_ACTIVE_ARCH = YES;
				SDKROOT = iphoneos;
				SWIFT_ACTIVE_COMPILATION_CONDITIONS = "DEBUG $(inherited)";
				SWIFT_OPTIMIZATION_LEVEL = "-Onone";
			};
			name = Debug;
		};
		B03D10512BA4F3A700BB1715 /* Release */ = {
			isa = XCBuildConfiguration;
			buildSettings = {
				ALWAYS_SEARCH_USER_PATHS = NO;
				ASSETCATALOG_COMPILER_GENERATE_SWIFT_ASSET_SYMBOL_EXTENSIONS = YES;
				CLANG_ANALYZER_NONNULL = YES;
				CLANG_ANALYZER_NUMBER_OBJECT_CONVERSION = YES_AGGRESSIVE;
				CLANG_CXX_LANGUAGE_STANDARD = "gnu++20";
				CLANG_ENABLE_MODULES = YES;
				CLANG_ENABLE_OBJC_ARC = YES;
				CLANG_ENABLE_OBJC_WEAK = YES;
				CLANG_WARN_BLOCK_CAPTURE_AUTORELEASING = YES;
				CLANG_WARN_BOOL_CONVERSION = YES;
				CLANG_WARN_COMMA = YES;
				CLANG_WARN_CONSTANT_CONVERSION = YES;
				CLANG_WARN_DEPRECATED_OBJC_IMPLEMENTATIONS = YES;
				CLANG_WARN_DIRECT_OBJC_ISA_USAGE = YES_ERROR;
				CLANG_WARN_DOCUMENTATION_COMMENTS = YES;
				CLANG_WARN_EMPTY_BODY = YES;
				CLANG_WARN_ENUM_CONVERSION = YES;
				CLANG_WARN_INFINITE_RECURSION = YES;
				CLANG_WARN_INT_CONVERSION = YES;
				CLANG_WARN_NON_LITERAL_NULL_CONVERSION = YES;
				CLANG_WARN_OBJC_IMPLICIT_RETAIN_SELF = YES;
				CLANG_WARN_OBJC_LITERAL_CONVERSION = YES;
				CLANG_WARN_OBJC_ROOT_CLASS = YES_ERROR;
				CLANG_WARN_QUOTED_INCLUDE_IN_FRAMEWORK_HEADER = YES;
				CLANG_WARN_RANGE_LOOP_ANALYSIS = YES;
				CLANG_WARN_STRICT_PROTOTYPES = YES;
				CLANG_WARN_SUSPICIOUS_MOVE = YES;
				CLANG_WARN_UNGUARDED_AVAILABILITY = YES_AGGRESSIVE;
				CLANG_WARN_UNREACHABLE_CODE = YES;
				CLANG_WARN__DUPLICATE_METHOD_MATCH = YES;
				COPY_PHASE_STRIP = NO;
				DEBUG_INFORMATION_FORMAT = "dwarf-with-dsym";
				ENABLE_NS_ASSERTIONS = NO;
				ENABLE_STRICT_OBJC_MSGSEND = YES;
				ENABLE_USER_SCRIPT_SANDBOXING = YES;
				GCC_C_LANGUAGE_STANDARD = gnu17;
				GCC_NO_COMMON_BLOCKS = YES;
				GCC_WARN_64_TO_32_BIT_CONVERSION = YES;
				GCC_WARN_ABOUT_RETURN_TYPE = YES_ERROR;
				GCC_WARN_UNDECLARED_SELECTOR = YES;
				GCC_WARN_UNINITIALIZED_AUTOS = YES_AGGRESSIVE;
				GCC_WARN_UNUSED_FUNCTION = YES;
				GCC_WARN_UNUSED_VARIABLE = YES;
				IPHONEOS_DEPLOYMENT_TARGET = 17.2;
				LOCALIZATION_PREFERS_STRING_CATALOGS = YES;
				MTL_ENABLE_DEBUG_INFO = NO;
				MTL_FAST_MATH = YES;
				SDKROOT = iphoneos;
				SWIFT_COMPILATION_MODE = wholemodule;
				VALIDATE_PRODUCT = YES;
			};
			name = Release;
		};
		B03D10532BA4F3A700BB1715 /* Debug */ = {
			isa = XCBuildConfiguration;
			buildSettings = {
				ASSETCATALOG_COMPILER_APPICON_NAME = AppIcon;
				ASSETCATALOG_COMPILER_GLOBAL_ACCENT_COLOR_NAME = AccentColor;
				CODE_SIGN_STYLE = Automatic;
				CURRENT_PROJECT_VERSION = 1;
				DEVELOPMENT_ASSET_PATHS = "\"FootShare/Preview Content\"";
				DEVELOPMENT_TEAM = FQ2Q245CX2;
				ENABLE_PREVIEWS = YES;
				GENERATE_INFOPLIST_FILE = YES;
				INFOPLIST_KEY_UIApplicationSceneManifest_Generation = YES;
				INFOPLIST_KEY_UIApplicationSupportsIndirectInputEvents = YES;
				INFOPLIST_KEY_UILaunchScreen_Generation = YES;
				INFOPLIST_KEY_UISupportedInterfaceOrientations_iPad = "UIInterfaceOrientationPortrait UIInterfaceOrientationPortraitUpsideDown UIInterfaceOrientationLandscapeLeft UIInterfaceOrientationLandscapeRight";
				INFOPLIST_KEY_UISupportedInterfaceOrientations_iPhone = "UIInterfaceOrientationPortrait UIInterfaceOrientationLandscapeLeft UIInterfaceOrientationLandscapeRight";
				LD_RUNPATH_SEARCH_PATHS = (
					"$(inherited)",
					"@executable_path/Frameworks",
				);
				MARKETING_VERSION = 1.0;
				PRODUCT_BUNDLE_IDENTIFIER = com.loopz.FootShare;
				PRODUCT_NAME = "$(TARGET_NAME)";
				SWIFT_EMIT_LOC_STRINGS = YES;
				SWIFT_VERSION = 5.0;
				TARGETED_DEVICE_FAMILY = "1,2";
			};
			name = Debug;
		};
		B03D10542BA4F3A700BB1715 /* Release */ = {
			isa = XCBuildConfiguration;
			buildSettings = {
				ASSETCATALOG_COMPILER_APPICON_NAME = AppIcon;
				ASSETCATALOG_COMPILER_GLOBAL_ACCENT_COLOR_NAME = AccentColor;
				CODE_SIGN_STYLE = Automatic;
				CURRENT_PROJECT_VERSION = 1;
				DEVELOPMENT_ASSET_PATHS = "\"FootShare/Preview Content\"";
				DEVELOPMENT_TEAM = FQ2Q245CX2;
				ENABLE_PREVIEWS = YES;
				GENERATE_INFOPLIST_FILE = YES;
				INFOPLIST_KEY_UIApplicationSceneManifest_Generation = YES;
				INFOPLIST_KEY_UIApplicationSupportsIndirectInputEvents = YES;
				INFOPLIST_KEY_UILaunchScreen_Generation = YES;
				INFOPLIST_KEY_UISupportedInterfaceOrientations_iPad = "UIInterfaceOrientationPortrait UIInterfaceOrientationPortraitUpsideDown UIInterfaceOrientationLandscapeLeft UIInterfaceOrientationLandscapeRight";
				INFOPLIST_KEY_UISupportedInterfaceOrientations_iPhone = "UIInterfaceOrientationPortrait UIInterfaceOrientationLandscapeLeft UIInterfaceOrientationLandscapeRight";
				LD_RUNPATH_SEARCH_PATHS = (
					"$(inherited)",
					"@executable_path/Frameworks",
				);
				MARKETING_VERSION = 1.0;
				PRODUCT_BUNDLE_IDENTIFIER = com.loopz.FootShare;
				PRODUCT_NAME = "$(TARGET_NAME)";
				SWIFT_EMIT_LOC_STRINGS = YES;
				SWIFT_VERSION = 5.0;
				TARGETED_DEVICE_FAMILY = "1,2";
			};
			name = Release;
		};
/* End XCBuildConfiguration section */

/* Begin XCConfigurationList section */
		B03D103F2BA4F3A600BB1715 /* Build configuration list for PBXProject "FootShare" */ = {
			isa = XCConfigurationList;
			buildConfigurations = (
				B03D10502BA4F3A700BB1715 /* Debug */,
				B03D10512BA4F3A700BB1715 /* Release */,
			);
			defaultConfigurationIsVisible = 0;
			defaultConfigurationName = Release;
		};
		B03D10522BA4F3A700BB1715 /* Build configuration list for PBXNativeTarget "FootShare" */ = {
			isa = XCConfigurationList;
			buildConfigurations = (
				B03D10532BA4F3A700BB1715 /* Debug */,
				B03D10542BA4F3A700BB1715 /* Release */,
			);
			defaultConfigurationIsVisible = 0;
			defaultConfigurationName = Release;
		};
/* End XCConfigurationList section */
	};
	rootObject = B03D103C2BA4F3A600BB1715 /* Project object */;
}
